Microsoft Visual Studio Solution File, Format Version 12.00
# Visual Studio Version 17
VisualStudioVersion = 17.5.2.0
MinimumVisualStudioVersion = 10.0.40219.1
Project("{FAE04EC0-301F-11D3-BF4B-00C04F79EFBC}") = "MinesGame", "MinesGame.csproj", "{176BF4D7-A002-3535-5938-CD5F2D2F1B4C}"
EndProject
Global
	GlobalSection(SolutionConfigurationPlatforms) = preSolution
		Debug|Any CPU = Debug|Any CPU
		Release|Any CPU = Release|Any CPU
	EndGlobalSection
	GlobalSection(ProjectConfigurationPlatforms) = postSolution
		{176BF4D7-A002-3535-5938-CD5F2D2F1B4C}.Debug|Any CPU.ActiveCfg = Debug|Any CPU
		{176BF4D7-A002-3535-5938-CD5F2D2F1B4C}.Debug|Any CPU.Build.0 = Debug|Any CPU
		{176BF4D7-A002-3535-5938-CD5F2D2F1B4C}.Release|Any CPU.ActiveCfg = Release|Any CPU
		{176BF4D7-A002-3535-5938-CD5F2D2F1B4C}.Release|Any CPU.Build.0 = Release|Any CPU
	EndGlobalSection
	GlobalSection(SolutionProperties) = preSolution
		HideSolutionNode = FALSE
	EndGlobalSection
	GlobalSection(ExtensibilityGlobals) = postSolution
		SolutionGuid = {C5E1128D-0B1C-4B63-96F4-084D59F43067}
	EndGlobalSection
EndGlobal
